// !$*UTF8*$!
{
	archiveVersion = 1;
	classes = {
	};
	objectVersion = 50;
	objects = {

/* Begin PBXBuildFile section */
		7519049D25CBB3F300284A5E /* AppDelegate.swift in Sources */ = {isa = PBXBuildFile; fileRef = 7519049C25CBB3F300284A5E /* AppDelegate.swift */; };
		7519049F25CBB3F300284A5E /* SceneDelegate.swift in Sources */ = {isa = PBXBuildFile; fileRef = 7519049E25CBB3F300284A5E /* SceneDelegate.swift */; };
		751904A125CBB3F300284A5E /* ContentView.swift in Sources */ = {isa = PBXBuildFile; fileRef = 751904A025CBB3F300284A5E /* ContentView.swift */; };
		751904A325CBB3F800284A5E /* Assets.xcassets in Resources */ = {isa = PBXBuildFile; fileRef = 751904A225CBB3F800284A5E /* Assets.xcassets */; };
		751904A625CBB3F800284A5E /* Preview Assets.xcassets in Resources */ = {isa = PBXBuildFile; fileRef = 751904A525CBB3F800284A5E /* Preview Assets.xcassets */; };
		751904A925CBB3F800284A5E /* LaunchScreen.storyboard in Resources */ = {isa = PBXBuildFile; fileRef = 751904A725CBB3F800284A5E /* LaunchScreen.storyboard */; };
		75CC6F7F25CCF0C900BC4CE3 /* DataModel.swift in Sources */ = {isa = PBXBuildFile; fileRef = 75CC6F7E25CCF0C900BC4CE3 /* DataModel.swift */; };
/* End PBXBuildFile section */

/* Begin PBXFileReference section */
		7519049925CBB3F300284A5E /* iphonestore.app */ = {isa = PBXFileReference; explicitFileType = wrapper.application; includeInIndex = 0; path = iphonestore.app; sourceTree = BUILT_PRODUCTS_DIR; };
		7519049C25CBB3F300284A5E /* AppDelegate.swift */ = {isa = PBXFileReference; lastKnownFileType = sourcecode.swift; path = AppDelegate.swift; sourceTree = "<group>"; };
		7519049E25CBB3F300284A5E /* SceneDelegate.swift */ = {isa = PBXFileReference; lastKnownFileType = sourcecode.swift; path = SceneDelegate.swift; sourceTree = "<group>"; };
		751904A025CBB3F300284A5E /* ContentView.swift */ = {isa = PBXFileReference; lastKnownFileType = sourcecode.swift; path = ContentView.swift; sourceTree = "<group>"; };
		751904A225CBB3F800284A5E /* Assets.xcassets */ = {isa = PBXFileReference; lastKnownFileType = folder.assetcatalog; path = Assets.xcassets; sourceTree = "<group>"; };
		751904A525CBB3F800284A5E /* Preview Assets.xcassets */ = {isa = PBXFileReference; lastKnownFileType = folder.assetcatalog; path = "Preview Assets.xcassets"; sourceTree = "<group>"; };
		751904A825CBB3F800284A5E /* Base */ = {isa = PBXFileReference; lastKnownFileType = file.storyboard; name = Base; path = Base.lproj/LaunchScreen.storyboard; sourceTree = "<group>"; };
		751904AA25CBB3F800284A5E /* Info.plist */ = {isa = PBXFileReference; lastKnownFileType = text.plist.xml; path = Info.plist; sourceTree = "<group>"; };
		75CC6F7E25CCF0C900BC4CE3 /* DataModel.swift */ = {isa = PBXFileReference; lastKnownFileType = sourcecode.swift; path = DataModel.swift; sourceTree = "<group>"; };
/* End PBXFileReference section */

/* Begin PBXFrameworksBuildPhase section */
		7519049625CBB3F300284A5E /* Frameworks */ = {
			isa = PBXFrameworksBuildPhase;
			buildActionMask = 2147483647;
			files = (
			);
			runOnlyForDeploymentPostprocessing = 0;
		};
/* End PBXFrameworksBuildPhase section */

/* Begin PBXGroup section */
		7519049025CBB3F200284A5E = {
			isa = PBXGroup;
			children = (
				7519049B25CBB3F300284A5E /* iphonestore */,
				7519049A25CBB3F300284A5E /* Products */,
			);
			sourceTree = "<group>";
		};
		7519049A25CBB3F300284A5E /* Products */ = {
			isa = PBXGroup;
			children = (
				7519049925CBB3F300284A5E /* iphonestore.app */,
			);
			name = Products;
			sourceTree = "<group>";
		};
		7519049B25CBB3F300284A5E /* iphonestore */ = {
			isa = PBXGroup;
			children = (
				7519049C25CBB3F300284A5E /* AppDelegate.swift */,
				7519049E25CBB3F300284A5E /* SceneDelegate.swift */,
				751904A025CBB3F300284A5E /* ContentView.swift */,
				751904A225CBB3F800284A5E /* Assets.xcassets */,
				751904A725CBB3F800284A5E /* LaunchScreen.storyboard */,
				751904AA25CBB3F800284A5E /* Info.plist */,
				751904A425CBB3F800284A5E /* Preview Content */,
			);
			path = iphonestore;
			sourceTree = "<group>";
		};
		751904A425CBB3F800284A5E /* Preview Content */ = {
			isa = PBXGroup;
			children = (
				75CC6F7E25CCF0C900BC4CE3 /* DataModel.swift */,
				751904A525CBB3F800284A5E /* Preview Assets.xcassets */,
			);
			path = "Preview Content";
			sourceTree = "<group>";
		};
/* End PBXGroup section */

/* Begin PBXNativeTarget section */
		7519049825CBB3F300284A5E /* iphonestore */ = {
			isa = PBXNativeTarget;
			buildConfigurationList = 751904AD25CBB3F800284A5E /* Build configuration list for PBXNativeTarget "iphonestore" */;
			buildPhases = (
				7519049525CBB3F300284A5E /* Sources */,
				7519049625CBB3F300284A5E /* Frameworks */,
				7519049725CBB3F300284A5E /* Resources */,
			);
			buildRules = (
			);
			dependencies = (
			);
			name = iphonestore;
			productName = iphonestore;
			productReference = 7519049925CBB3F300284A5E /* iphonestore.app */;
			productType = "com.apple.product-type.application";
		};
/* End PBXNativeTarget section */

/* Begin PBXProject section */
		7519049125CBB3F200284A5E /* Project object */ = {
			isa = PBXProject;
			attributes = {
				LastSwiftUpdateCheck = 1230;
				LastUpgradeCheck = 1230;
				TargetAttributes = {
					7519049825CBB3F300284A5E = {
						CreatedOnToolsVersion = 12.3;
					};
				};
			};
			buildConfigurationList = 7519049425CBB3F200284A5E /* Build configuration list for PBXProject "iphonestore" */;
			compatibilityVersion = "Xcode 9.3";
			developmentRegion = en;
			hasScannedForEncodings = 0;
			knownRegions = (
				en,
				Base,
			);
			mainGroup = 7519049025CBB3F200284A5E;
			productRefGroup = 7519049A25CBB3F300284A5E /* Products */;
			projectDirPath = "";
			projectRoot = "";
			targets = (
				7519049825CBB3F300284A5E /* iphonestore */,
			);
		};
/* End PBXProject section */

/* Begin PBXResourcesBuildPhase section */
		7519049725CBB3F300284A5E /* Resources */ = {
			isa = PBXResourcesBuildPhase;
			buildActionMask = 2147483647;
			files = (
				751904A925CBB3F800284A5E /* LaunchScreen.storyboard in Resources */,
				751904A625CBB3F800284A5E /* Preview Assets.xcassets in Resources */,
				751904A325CBB3F800284A5E /* Assets.xcassets in Resources */,
			);
			runOnlyForDeploymentPostprocessing = 0;
		};
/* End PBXResourcesBuildPhase section */

/* Begin PBXSourcesBuildPhase section */
		7519049525CBB3F300284A5E /* Sources */ = {
			isa = PBXSourcesBuildPhase;
			buildActionMask = 2147483647;
			files = (
				7519049D25CBB3F300284A5E /* AppDelegate.swift in Sources */,
				75CC6F7F25CCF0C900BC4CE3 /* DataModel.swift in Sources */,
				7519049F25CBB3F300284A5E /* SceneDelegate.swift in Sources */,
				751904A125CBB3F300284A5E /* ContentView.swift in Sources */,
			);
			runOnlyForDeploymentPostprocessing = 0;
		};
/* End PBXSourcesBuildPhase section */

/* Begin PBXVariantGroup section */
		751904A725CBB3F800284A5E /* LaunchScreen.storyboard */ = {
			isa = PBXVariantGroup;
			children = (
				751904A825CBB3F800284A5E /* Base */,
			);
			name = LaunchScreen.storyboard;
			sourceTree = "<group>";
		};
/* End PBXVariantGroup section */

/* Begin XCBuildConfiguration section */
		751904AB25CBB3F800284A5E /* Debug */ = {
			isa = XCBuildConfiguration;
			buildSettings = {
				ALWAYS_SEARCH_USER_PATHS = NO;
				CLANG_ANALYZER_NONNULL = YES;
				CLANG_ANALYZER_NUMBER_OBJECT_CONVERSION = YES_AGGRESSIVE;
				CLANG_CXX_LANGUAGE_STANDARD = "gnu++14";
				CLANG_CXX_LIBRARY = "libc++";
				CLANG_ENABLE_MODULES = YES;
				CLANG_ENABLE_OBJC_ARC = YES;
				CLANG_ENABLE_OBJC_WEAK = YES;
				CLANG_WARN_BLOCK_CAPTURE_AUTORELEASING = YES;
				CLANG_WARN_BOOL_CONVERSION = YES;
				CLANG_WARN_COMMA = YES;
				CLANG_WARN_CONSTANT_CONVERSION = YES;
				CLANG_WARN_DEPRECATED_OBJC_IMPLEMENTATIONS = YES;
				CLANG_WARN_DIRECT_OBJC_ISA_USAGE = YES_ERROR;
				CLANG_WARN_DOCUMENTATION_COMMENTS = YES;
				CLANG_WARN_EMPTY_BODY = YES;
				CLANG_WARN_ENUM_CONVERSION = YES;
				CLANG_WARN_INFINITE_RECURSION = YES;
				CLANG_WARN_INT_CONVERSION = YES;
				CLANG_WARN_NON_LITERAL_NULL_CONVERSION = YES;
				CLANG_WARN_OBJC_IMPLICIT_RETAIN_SELF = YES;
				CLANG_WARN_OBJC_LITERAL_CONVERSION = YES;
				CLANG_WARN_OBJC_ROOT_CLASS = YES_ERROR;
				CLANG_WARN_QUOTED_INCLUDE_IN_FRAMEWORK_HEADER = YES;
				CLANG_WARN_RANGE_LOOP_ANALYSIS = YES;
				CLANG_WARN_STRICT_PROTOTYPES = YES;
				CLANG_WARN_SUSPICIOUS_MOVE = YES;
				CLANG_WARN_UNGUARDED_AVAILABILITY = YES_AGGRESSIVE;
				CLANG_WARN_UNREACHABLE_CODE = YES;
				CLANG_WARN__DUPLICATE_METHOD_MATCH = YES;
				COPY_PHASE_STRIP = NO;
				DEBUG_INFORMATION_FORMAT = dwarf;
				ENABLE_STRICT_OBJC_MSGSEND = YES;
				ENABLE_TESTABILITY = YES;
				GCC_C_LANGUAGE_STANDARD = gnu11;
				GCC_DYNAMIC_NO_PIC = NO;
				GCC_NO_COMMON_BLOCKS = YES;
				GCC_OPTIMIZATION_LEVEL = 0;
				GCC_PREPROCESSOR_DEFINITIONS = (
					"DEBUG=1",
					"$(inherited)",
				);
				GCC_WARN_64_TO_32_BIT_CONVERSION = YES;
				GCC_WARN_ABOUT_RETURN_TYPE = YES_ERROR;
				GCC_WARN_UNDECLARED_SELECTOR = YES;
				GCC_WARN_UNINITIALIZED_AUTOS = YES_AGGRESSIVE;
				GCC_WARN_UNUSED_FUNCTION = YES;
				GCC_WARN_UNUSED_VARIABLE = YES;
				IPHONEOS_DEPLOYMENT_TARGET = 14.3;
				MTL_ENABLE_DEBUG_INFO = INCLUDE_SOURCE;
				MTL_FAST_MATH = YES;
				ONLY_ACTIVE_ARCH = YES;
				SDKROOT = iphoneos;
				SWIFT_ACTIVE_COMPILATION_CONDITIONS = DEBUG;
				SWIFT_OPTIMIZATION_LEVEL = "-Onone";
			};
			name = Debug;
		};
		751904AC25CBB3F800284A5E /* Release */ = {
			isa = XCBuildConfiguration;
			buildSettings = {
				ALWAYS_SEARCH_USER_PATHS = NO;
				CLANG_ANALYZER_NONNULL = YES;
				CLANG_ANALYZER_NUMBER_OBJECT_CONVERSION = YES_AGGRESSIVE;
				CLANG_CXX_LANGUAGE_STANDARD = "gnu++14";
				CLANG_CXX_LIBRARY = "libc++";
				CLANG_ENABLE_MODULES = YES;
				CLANG_ENABLE_OBJC_ARC = YES;
				CLANG_ENABLE_OBJC_WEAK = YES;
				CLANG_WARN_BLOCK_CAPTURE_AUTORELEASING = YES;
				CLANG_WARN_BOOL_CONVERSION = YES;
				CLANG_WARN_COMMA = YES;
				CLANG_WARN_CONSTANT_CONVERSION = YES;
				CLANG_WARN_DEPRECATED_OBJC_IMPLEMENTATIONS = YES;
				CLANG_WARN_DIRECT_OBJC_ISA_USAGE = YES_ERROR;
				CLANG_WARN_DOCUMENTATION_COMMENTS = YES;
				CLANG_WARN_EMPTY_BODY = YES;
				CLANG_WARN_ENUM_CONVERSION = YES;
				CLANG_WARN_INFINITE_RECURSION = YES;
				CLANG_WARN_INT_CONVERSION = YES;
				CLANG_WARN_NON_LITERAL_NULL_CONVERSION = YES;
				CLANG_WARN_OBJC_IMPLICIT_RETAIN_SELF = YES;
				CLANG_WARN_OBJC_LITERAL_CONVERSION = YES;
				CLANG_WARN_OBJC_ROOT_CLASS = YES_ERROR;
				CLANG_WARN_QUOTED_INCLUDE_IN_FRAMEWORK_HEADER = YES;
				CLANG_WARN_RANGE_LOOP_ANALYSIS = YES;
				CLANG_WARN_STRICT_PROTOTYPES = YES;
				CLANG_WARN_SUSPICIOUS_MOVE = YES;
				CLANG_WARN_UNGUARDED_AVAILABILITY = YES_AGGRESSIVE;
				CLANG_WARN_UNREACHABLE_CODE = YES;
				CLANG_WARN__DUPLICATE_METHOD_MATCH = YES;
				COPY_PHASE_STRIP = NO;
				DEBUG_INFORMATION_FORMAT = "dwarf-with-dsym";
				ENABLE_NS_ASSERTIONS = NO;
				ENABLE_STRICT_OBJC_MSGSEND = YES;
				GCC_C_LANGUAGE_STANDARD = gnu11;
				GCC_NO_COMMON_BLOCKS = YES;
				GCC_WARN_64_TO_32_BIT_CONVERSION = YES;
				GCC_WARN_ABOUT_RETURN_TYPE = YES_ERROR;
				GCC_WARN_UNDECLARED_SELECTOR = YES;
				GCC_WARN_UNINITIALIZED_AUTOS = YES_AGGRESSIVE;
				GCC_WARN_UNUSED_FUNCTION = YES;
				GCC_WARN_UNUSED_VARIABLE = YES;
				IPHONEOS_DEPLOYMENT_TARGET = 14.3;
				MTL_ENABLE_DEBUG_INFO = NO;
				MTL_FAST_MATH = YES;
				SDKROOT = iphoneos;
				SWIFT_COMPILATION_MODE = wholemodule;
				SWIFT_OPTIMIZATION_LEVEL = "-O";
				VALIDATE_PRODUCT = YES;
			};
			name = Release;
		};
		751904AE25CBB3F800284A5E /* Debug */ = {
			isa = XCBuildConfiguration;
			buildSettings = {
				ASSETCATALOG_COMPILER_APPICON_NAME = AppIcon;
				ASSETCATALOG_COMPILER_GLOBAL_ACCENT_COLOR_NAME = AccentColor;
				CODE_SIGN_STYLE = Automatic;
				DEVELOPMENT_ASSET_PATHS = "\"iphonestore/Preview Content\"";
				ENABLE_PREVIEWS = YES;
				INFOPLIST_FILE = iphonestore/Info.plist;
				LD_RUNPATH_SEARCH_PATHS = (
					"$(inherited)",
					"@executable_path/Frameworks",
				);
				PRODUCT_BUNDLE_IDENTIFIER = "albab-rpl-c.iphonestore";
				PRODUCT_NAME = "$(TARGET_NAME)";
				SWIFT_VERSION = 5.0;
				TARGETED_DEVICE_FAMILY = "1,2";
			};
			name = Debug;
		};
		751904AF25CBB3F800284A5E /* Release */ = {
			isa = XCBuildConfiguration;
			buildSettings = {
				ASSETCATALOG_COMPILER_APPICON_NAME = AppIcon;
				ASSETCATALOG_COMPILER_GLOBAL_ACCENT_COLOR_NAME = AccentColor;
				CODE_SIGN_STYLE = Automatic;
				DEVELOPMENT_ASSET_PATHS = "\"iphonestore/Preview Content\"";
				ENABLE_PREVIEWS = YES;
				INFOPLIST_FILE = iphonestore/Info.plist;
				LD_RUNPATH_SEARCH_PATHS = (
					"$(inherited)",
					"@executable_path/Frameworks",
				);
				PRODUCT_BUNDLE_IDENTIFIER = "albab-rpl-c.iphonestore";
				PRODUCT_NAME = "$(TARGET_NAME)";
				SWIFT_VERSION = 5.0;
				TARGETED_DEVICE_FAMILY = "1,2";
			};
			name = Release;
		};
/* End XCBuildConfiguration section */

/* Begin XCConfigurationList section */
		7519049425CBB3F200284A5E /* Build configuration list for PBXProject "iphonestore" */ = {
			isa = XCConfigurationList;
			buildConfigurations = (
				751904AB25CBB3F800284A5E /* Debug */,
				751904AC25CBB3F800284A5E /* Release */,
			);
			defaultConfigurationIsVisible = 0;
			defaultConfigurationName = Release;
		};
		751904AD25CBB3F800284A5E /* Build configuration list for PBXNativeTarget "iphonestore" */ = {
			isa = XCConfigurationList;
			buildConfigurations = (
				751904AE25CBB3F800284A5E /* Debug */,
				751904AF25CBB3F800284A5E /* Release */,
			);
			defaultConfigurationIsVisible = 0;
			defaultConfigurationName = Release;
		};
/* End XCConfigurationList section */
	};
	rootObject = 7519049125CBB3F200284A5E /* Project object */;
}
